<?xml version="1.0" encoding="utf-8"?>
<Project ToolsVersion="4.0" xmlns="http://schemas.microsoft.com/developer/msbuild/2003">
  <ItemGroup>
    <Filter Include="Source Files">
      <UniqueIdentifier>{9d7420db-a8ca-4b64-b573-7c397fd33211}</UniqueIdentifier>
      <Extensions>cpp;c;cxx;rc;def;r;odl;idl;hpj;bat</Extensions>
    </Filter>
    <Filter Include="Header Files">
      <UniqueIdentifier>{25c12cb4-a7e5-41d4-a80b-9d3e765a30e0}</UniqueIdentifier>
      <Extensions>h;hpp;hxx;hm;inl</Extensions>
    </Filter>
    <Filter Include="Resource Files">
      <UniqueIdentifier>{25fa649b-8e8a-447e-881c-bc85f5a2d44b}</UniqueIdentifier>
      <Extensions>ico;cur;bmp;dlg;rc2;rct;bin;rgs;gif;jpg;jpeg;jpe</Extensions>
    </Filter>
  </ItemGroup>
  <ItemGroup>
    <ClCompile Include="src\main.cpp">
      <Filter>Source Files</Filter>
    </ClCompile>
  </ItemGroup>
  <ItemGroup>
    <ClInclude Include="GLES\egl.h">
      <Filter>Header Files</Filter>
    </ClInclude>
    <ClInclude Include="GLES\egltypes.h">
      <Filter>Header Files</Filter>
    </ClInclude>
    <ClInclude Include="GLES\gl.h">
      <Filter>Header Files</Filter>
    </ClInclude>
  </ItemGroup>
</Project>